
Microsoft Visual Studio Solution File, Format Version 12.00
# Visual Studio Version 17
VisualStudioVersion = 17.9.34622.214
MinimumVisualStudioVersion = 10.0.40219.1
Project("{FAE04EC0-301F-11D3-BF4B-00C04F79EFBC}") = "DeliveryInkPayroll", "DeliveryInkPayroll\DeliveryInkPayroll.csproj", "{D73AEF69-C9E8-4FB6-836E-78406CC381BB}"
EndProject
Global
	GlobalSection(SolutionConfigurationPlatforms) = preSolution
		Debug|Any CPU = Debug|Any CPU
		Release|Any CPU = Release|Any CPU
	EndGlobalSection
	GlobalSection(ProjectConfigurationPlatforms) = postSolution
		{D73AEF69-C9E8-4FB6-836E-78406CC381BB}.Debug|Any CPU.ActiveCfg = Debug|Any CPU
		{D73AEF69-C9E8-4FB6-836E-78406CC381BB}.Debug|Any CPU.Build.0 = Debug|Any CPU
		{D73AEF69-C9E8-4FB6-836E-78406CC381BB}.Release|Any CPU.ActiveCfg = Release|Any CPU
		{D73AEF69-C9E8-4FB6-836E-78406CC381BB}.Release|Any CPU.Build.0 = Release|Any CPU
	EndGlobalSection
	GlobalSection(SolutionProperties) = preSolution
		HideSolutionNode = FALSE
	EndGlobalSection
	GlobalSection(ExtensibilityGlobals) = postSolution
		SolutionGuid = {0B59B926-E783-43F1-B9D2-8156768DB41E}
	EndGlobalSection
EndGlobal
